
Microsoft Visual Studio Solution File, Format Version 12.00
# Visual Studio 14
VisualStudioVersion = 14.0.25420.1
MinimumVisualStudioVersion = 10.0.40219.1
Project("{FAE04EC0-301F-11D3-BF4B-00C04F79EFBC}") = "KYN_App_v1.1", "KYN_App_v1.1\KYN_App_v1.1.csproj", "{C2BAEA87-C1F4-44AB-A3BF-C29F01564F60}"
EndProject
Project("{FAE04EC0-301F-11D3-BF4B-00C04F79EFBC}") = "KYNServices", "KYNServices\KYNServices.csproj", "{F8AF7997-CEC0-4561-A1EA-0BCE683ECC07}"
EndProject
Global
	GlobalSection(SolutionConfigurationPlatforms) = preSolution
		Debug|Any CPU = Debug|Any CPU
		Release|Any CPU = Release|Any CPU
	EndGlobalSection
	GlobalSection(ProjectConfigurationPlatforms) = postSolution
		{C2BAEA87-C1F4-44AB-A3BF-C29F01564F60}.Debug|Any CPU.ActiveCfg = Debug|Any CPU
		{C2BAEA87-C1F4-44AB-A3BF-C29F01564F60}.Debug|Any CPU.Build.0 = Debug|Any CPU
		{C2BAEA87-C1F4-44AB-A3BF-C29F01564F60}.Release|Any CPU.ActiveCfg = Release|Any CPU
		{C2BAEA87-C1F4-44AB-A3BF-C29F01564F60}.Release|Any CPU.Build.0 = Release|Any CPU
		{F8AF7997-CEC0-4561-A1EA-0BCE683ECC07}.Debug|Any CPU.ActiveCfg = Debug|Any CPU
		{F8AF7997-CEC0-4561-A1EA-0BCE683ECC07}.Debug|Any CPU.Build.0 = Debug|Any CPU
		{F8AF7997-CEC0-4561-A1EA-0BCE683ECC07}.Release|Any CPU.ActiveCfg = Release|Any CPU
		{F8AF7997-CEC0-4561-A1EA-0BCE683ECC07}.Release|Any CPU.Build.0 = Release|Any CPU
	EndGlobalSection
	GlobalSection(SolutionProperties) = preSolution
		HideSolutionNode = FALSE
	EndGlobalSection
EndGlobal
